github.com/dasio/base45 v1.0.1 h1:obY5mHQsviF4ubXCoVH3HBVhedgj/K7EATwDUmxKxe8=
github.com/dasio/base45 v1.0.1/go.mod h1:gbUNSAihO0oovi9UKFmTky7aoLj6mozQqpcgsoMoN0s=
github.com/fxamacker/cbor/v2 v2.4.0 h1:ri0ArlOR+5XunOP8CRUowT0pSJOwhW098ZCUyskZD88=
github.com/fxamacker/cbor/v2 v2.4.0/go.mod h1:TA1xS00nchWmaBnEIxPSE5oHLuJBAVvqrtAnWBwBCVo=
github.com/skip2/go-qrcode v0.0.0-20200617195104-da1b6568686e h1:MRM5ITcdelLK2j1vwZ3Je0FKVCfqOLp5zO6trqMLYs0=
github.com/skip2/go-qrcode v0.0.0-20200617195104-da1b6568686e/go.mod h1:XV66xRDqSt+GTGFMVlhk3ULuV0y9ZmzeVGR4mloJI3M=
github.com/veraison/go-cose v1.0.0-rc.1 h1:4qA7dbFJGvt7gcqv5MCIyCQvN+NpHFPkW7do3EeDLb8=
github.com/veraison/go-cose v1.0.0-rc.1/go.mod h1:7ziE85vSq4ScFTg6wyoMXjucIGOf4JkFEZi/an96Ct4=
github.com/x448/float16 v0.8.4 h1:qLwI1I70+NjRFUR3zs1JPUCgaCXSh3SW62uAKT1mSBM=
github.com/x448/float16 v0.8.4/go.mod h1:14CWIYCyZA/cWjXOioeEpHeN/83MdbZDRQHoFcYsOfg=
